
Microsoft Visual Studio Solution File, Format Version 12.00
# Visual Studio Version 17
VisualStudioVersion = 17.0.31903.59
MinimumVisualStudioVersion = 10.0.40219.1
Project("{2150E333-8FDC-42A3-9474-1A3956D46DE8}") = "Services", "Services", "{13F8D31E-52CE-4AD1-80E2-ECA0461ADA45}"
EndProject
Project("{FAE04EC0-301F-11D3-BF4B-00C04F79EFBC}") = "APIglobal", "Services\APIglobal\APIglobal.csproj", "{81283754-6619-40AF-BFA9-EED009F9E20A}"
EndProject
Project("{FAE04EC0-301F-11D3-BF4B-00C04F79EFBC}") = "APIwebfood", "Services\APIwebfood\APIwebfood.csproj", "{C1DA2827-2554-479F-A60F-6466D96F84A2}"
EndProject
Project("{FAE04EC0-301F-11D3-BF4B-00C04F79EFBC}") = "APIwebfood.Sreach", "Services\APIwebfood.Sreach\APIwebfood.Sreach.csproj", "{70428DCF-39EF-4C44-A7E0-EA12A3C2773B}"
EndProject
Project("{FAE04EC0-301F-11D3-BF4B-00C04F79EFBC}") = "WebStatus", "WebStatus\WebStatus.csproj", "{7D571F86-C9B9-42B1-B8CA-0E9C5A2C7C17}"
EndProject
Global
	GlobalSection(SolutionConfigurationPlatforms) = preSolution
		Debug|Any CPU = Debug|Any CPU
		Release|Any CPU = Release|Any CPU
	EndGlobalSection
	GlobalSection(SolutionProperties) = preSolution
		HideSolutionNode = FALSE
	EndGlobalSection
	GlobalSection(ProjectConfigurationPlatforms) = postSolution
		{81283754-6619-40AF-BFA9-EED009F9E20A}.Debug|Any CPU.ActiveCfg = Debug|Any CPU
		{81283754-6619-40AF-BFA9-EED009F9E20A}.Debug|Any CPU.Build.0 = Debug|Any CPU
		{81283754-6619-40AF-BFA9-EED009F9E20A}.Release|Any CPU.ActiveCfg = Release|Any CPU
		{81283754-6619-40AF-BFA9-EED009F9E20A}.Release|Any CPU.Build.0 = Release|Any CPU
		{C1DA2827-2554-479F-A60F-6466D96F84A2}.Debug|Any CPU.ActiveCfg = Debug|Any CPU
		{C1DA2827-2554-479F-A60F-6466D96F84A2}.Debug|Any CPU.Build.0 = Debug|Any CPU
		{C1DA2827-2554-479F-A60F-6466D96F84A2}.Release|Any CPU.ActiveCfg = Release|Any CPU
		{C1DA2827-2554-479F-A60F-6466D96F84A2}.Release|Any CPU.Build.0 = Release|Any CPU
		{70428DCF-39EF-4C44-A7E0-EA12A3C2773B}.Debug|Any CPU.ActiveCfg = Debug|Any CPU
		{70428DCF-39EF-4C44-A7E0-EA12A3C2773B}.Debug|Any CPU.Build.0 = Debug|Any CPU
		{70428DCF-39EF-4C44-A7E0-EA12A3C2773B}.Release|Any CPU.ActiveCfg = Release|Any CPU
		{70428DCF-39EF-4C44-A7E0-EA12A3C2773B}.Release|Any CPU.Build.0 = Release|Any CPU
		{7D571F86-C9B9-42B1-B8CA-0E9C5A2C7C17}.Debug|Any CPU.ActiveCfg = Debug|Any CPU
		{7D571F86-C9B9-42B1-B8CA-0E9C5A2C7C17}.Debug|Any CPU.Build.0 = Debug|Any CPU
		{7D571F86-C9B9-42B1-B8CA-0E9C5A2C7C17}.Release|Any CPU.ActiveCfg = Release|Any CPU
		{7D571F86-C9B9-42B1-B8CA-0E9C5A2C7C17}.Release|Any CPU.Build.0 = Release|Any CPU
	EndGlobalSection
	GlobalSection(NestedProjects) = preSolution
		{81283754-6619-40AF-BFA9-EED009F9E20A} = {13F8D31E-52CE-4AD1-80E2-ECA0461ADA45}
		{C1DA2827-2554-479F-A60F-6466D96F84A2} = {13F8D31E-52CE-4AD1-80E2-ECA0461ADA45}
		{70428DCF-39EF-4C44-A7E0-EA12A3C2773B} = {13F8D31E-52CE-4AD1-80E2-ECA0461ADA45}
	EndGlobalSection
EndGlobal
